
Microsoft Visual Studio Solution File, Format Version 12.00
# Visual Studio 15
VisualStudioVersion = 15.0.28010.2041
MinimumVisualStudioVersion = 10.0.40219.1
Project("{9092AA53-FB77-4645-B42D-1CCCA6BD08BD}") = "PromoterApp", "PromoterApp.njsproj", "{2C68EE22-3FC7-42AE-B6E0-F42BF44D9ACD}"
EndProject
Global
	GlobalSection(SolutionConfigurationPlatforms) = preSolution
		Debug|Any CPU = Debug|Any CPU
		Release|Any CPU = Release|Any CPU
	EndGlobalSection
	GlobalSection(ProjectConfigurationPlatforms) = postSolution
		{2C68EE22-3FC7-42AE-B6E0-F42BF44D9ACD}.Debug|Any CPU.ActiveCfg = Debug|Any CPU
		{2C68EE22-3FC7-42AE-B6E0-F42BF44D9ACD}.Debug|Any CPU.Build.0 = Debug|Any CPU
		{2C68EE22-3FC7-42AE-B6E0-F42BF44D9ACD}.Release|Any CPU.ActiveCfg = Release|Any CPU
		{2C68EE22-3FC7-42AE-B6E0-F42BF44D9ACD}.Release|Any CPU.Build.0 = Release|Any CPU
	EndGlobalSection
	GlobalSection(SolutionProperties) = preSolution
		HideSolutionNode = FALSE
	EndGlobalSection
	GlobalSection(ExtensibilityGlobals) = postSolution
		SolutionGuid = {CE02AF6F-13E7-43B6-B46E-B02531E62F3E}
	EndGlobalSection
EndGlobal
